
Microsoft Visual Studio Solution File, Format Version 12.00
# Visual Studio Version 17
VisualStudioVersion = 17.9.34728.123
MinimumVisualStudioVersion = 10.0.40219.1
Project("{FAE04EC0-301F-11D3-BF4B-00C04F79EFBC}") = "Egitmen", "Egitmen\Egitmen.csproj", "{0B7A8592-F8A2-4F4C-9602-D1F38A1E73DF}"
EndProject
Global
	GlobalSection(SolutionConfigurationPlatforms) = preSolution
		Debug|Any CPU = Debug|Any CPU
		Release|Any CPU = Release|Any CPU
	EndGlobalSection
	GlobalSection(ProjectConfigurationPlatforms) = postSolution
		{0B7A8592-F8A2-4F4C-9602-D1F38A1E73DF}.Debug|Any CPU.ActiveCfg = Debug|Any CPU
		{0B7A8592-F8A2-4F4C-9602-D1F38A1E73DF}.Debug|Any CPU.Build.0 = Debug|Any CPU
		{0B7A8592-F8A2-4F4C-9602-D1F38A1E73DF}.Release|Any CPU.ActiveCfg = Release|Any CPU
		{0B7A8592-F8A2-4F4C-9602-D1F38A1E73DF}.Release|Any CPU.Build.0 = Release|Any CPU
	EndGlobalSection
	GlobalSection(SolutionProperties) = preSolution
		HideSolutionNode = FALSE
	EndGlobalSection
	GlobalSection(ExtensibilityGlobals) = postSolution
		SolutionGuid = {34610E18-5E78-4146-8E59-13EC25326781}
	EndGlobalSection
EndGlobal
